// !$*UTF8*$!
{
	archiveVersion = 1;
	classes = {
	};
	objectVersion = 46;
	objects = {

/* Begin PBXBuildFile section */
		7D4AF29D1D8B0D9000CB93C4 /* softwareUpdate-256.png in Resources */ = {isa = PBXBuildFile; fileRef = 7D4AF29C1D8B0D9000CB93C4 /* softwareUpdate-256.png */; };
		7D887A061BECE94D00B1EB4A /* AppleScriptObjC.framework in Frameworks */ = {isa = PBXBuildFile; fileRef = 7D887A051BECE94D00B1EB4A /* AppleScriptObjC.framework */; };
		7D887A0A1BECE94D00B1EB4A /* main.m in Sources */ = {isa = PBXBuildFile; fileRef = 7D887A091BECE94D00B1EB4A /* main.m */; };
		7D887A0C1BECE94D00B1EB4A /* AppDelegate.applescript in Sources */ = {isa = PBXBuildFile; fileRef = 7D887A0B1BECE94D00B1EB4A /* AppDelegate.applescript */; };
		7D887A0E1BECE94D00B1EB4A /* Assets.xcassets in Resources */ = {isa = PBXBuildFile; fileRef = 7D887A0D1BECE94D00B1EB4A /* Assets.xcassets */; };
		7D887A111BECE94D00B1EB4A /* MainMenu.xib in Resources */ = {isa = PBXBuildFile; fileRef = 7D887A0F1BECE94D00B1EB4A /* MainMenu.xib */; };
/* End PBXBuildFile section */

/* Begin PBXFileReference section */
		7D4AF29C1D8B0D9000CB93C4 /* softwareUpdate-256.png */ = {isa = PBXFileReference; lastKnownFileType = image.png; path = "softwareUpdate-256.png"; sourceTree = "<group>"; };
		7D887A021BECE94D00B1EB4A /* App Update Tool.app */ = {isa = PBXFileReference; explicitFileType = wrapper.application; includeInIndex = 0; path = "App Update Tool.app"; sourceTree = BUILT_PRODUCTS_DIR; };
		7D887A051BECE94D00B1EB4A /* AppleScriptObjC.framework */ = {isa = PBXFileReference; lastKnownFileType = wrapper.framework; name = AppleScriptObjC.framework; path = System/Library/Frameworks/AppleScriptObjC.framework; sourceTree = SDKROOT; };
		7D887A091BECE94D00B1EB4A /* main.m */ = {isa = PBXFileReference; lastKnownFileType = sourcecode.c.objc; path = main.m; sourceTree = "<group>"; };
		7D887A0B1BECE94D00B1EB4A /* AppDelegate.applescript */ = {isa = PBXFileReference; lastKnownFileType = sourcecode.applescript; path = AppDelegate.applescript; sourceTree = "<group>"; };
		7D887A0D1BECE94D00B1EB4A /* Assets.xcassets */ = {isa = PBXFileReference; lastKnownFileType = folder.assetcatalog; path = Assets.xcassets; sourceTree = "<group>"; };
		7D887A101BECE94D00B1EB4A /* Base */ = {isa = PBXFileReference; lastKnownFileType = file.xib; name = Base; path = Base.lproj/MainMenu.xib; sourceTree = "<group>"; };
		7D887A121BECE94E00B1EB4A /* Info.plist */ = {isa = PBXFileReference; lastKnownFileType = text.plist.xml; path = Info.plist; sourceTree = "<group>"; };
/* End PBXFileReference section */

/* Begin PBXFrameworksBuildPhase section */
		7D8879FF1BECE94D00B1EB4A /* Frameworks */ = {
			isa = PBXFrameworksBuildPhase;
			buildActionMask = 2147483647;
			files = (
				7D887A061BECE94D00B1EB4A /* AppleScriptObjC.framework in Frameworks */,
			);
			runOnlyForDeploymentPostprocessing = 0;
		};
/* End PBXFrameworksBuildPhase section */

/* Begin PBXGroup section */
		7D8879F91BECE94D00B1EB4A = {
			isa = PBXGroup;
			children = (
				7D887A071BECE94D00B1EB4A /* App Update Tool */,
				7D887A041BECE94D00B1EB4A /* Frameworks */,
				7D887A031BECE94D00B1EB4A /* Products */,
			);
			sourceTree = "<group>";
		};
		7D887A031BECE94D00B1EB4A /* Products */ = {
			isa = PBXGroup;
			children = (
				7D887A021BECE94D00B1EB4A /* App Update Tool.app */,
			);
			name = Products;
			sourceTree = "<group>";
		};
		7D887A041BECE94D00B1EB4A /* Frameworks */ = {
			isa = PBXGroup;
			children = (
				7D887A051BECE94D00B1EB4A /* AppleScriptObjC.framework */,
			);
			name = Frameworks;
			sourceTree = "<group>";
		};
		7D887A071BECE94D00B1EB4A /* App Update Tool */ = {
			isa = PBXGroup;
			children = (
				7D887A0B1BECE94D00B1EB4A /* AppDelegate.applescript */,
				7D887A0D1BECE94D00B1EB4A /* Assets.xcassets */,
				7D887A0F1BECE94D00B1EB4A /* MainMenu.xib */,
				7D887A121BECE94E00B1EB4A /* Info.plist */,
				7D887A081BECE94D00B1EB4A /* Supporting Files */,
			);
			name = "App Update Tool";
			path = "LL App Update Tool";
			sourceTree = "<group>";
		};
		7D887A081BECE94D00B1EB4A /* Supporting Files */ = {
			isa = PBXGroup;
			children = (
				7D4AF29C1D8B0D9000CB93C4 /* softwareUpdate-256.png */,
				7D887A091BECE94D00B1EB4A /* main.m */,
			);
			name = "Supporting Files";
			sourceTree = "<group>";
		};
/* End PBXGroup section */

/* Begin PBXNativeTarget section */
		7D887A011BECE94D00B1EB4A /* App Update Tool */ = {
			isa = PBXNativeTarget;
			buildConfigurationList = 7D887A151BECE94E00B1EB4A /* Build configuration list for PBXNativeTarget "App Update Tool" */;
			buildPhases = (
				7D8879FE1BECE94D00B1EB4A /* Sources */,
				7D8879FF1BECE94D00B1EB4A /* Frameworks */,
				7D887A001BECE94D00B1EB4A /* Resources */,
			);
			buildRules = (
			);
			dependencies = (
			);
			name = "App Update Tool";
			productName = "LL App Update Tool";
			productReference = 7D887A021BECE94D00B1EB4A /* App Update Tool.app */;
			productType = "com.apple.product-type.application";
		};
/* End PBXNativeTarget section */

/* Begin PBXProject section */
		7D8879FA1BECE94D00B1EB4A /* Project object */ = {
			isa = PBXProject;
			attributes = {
				LastUpgradeCheck = 0800;
				ORGANIZATIONNAME = "MIT Lincoln Labs";
				TargetAttributes = {
					7D887A011BECE94D00B1EB4A = {
						CreatedOnToolsVersion = 7.0;
					};
				};
			};
			buildConfigurationList = 7D8879FD1BECE94D00B1EB4A /* Build configuration list for PBXProject "App Update Tool" */;
			compatibilityVersion = "Xcode 3.2";
			developmentRegion = English;
			hasScannedForEncodings = 0;
			knownRegions = (
				en,
				Base,
			);
			mainGroup = 7D8879F91BECE94D00B1EB4A;
			productRefGroup = 7D887A031BECE94D00B1EB4A /* Products */;
			projectDirPath = "";
			projectRoot = "";
			targets = (
				7D887A011BECE94D00B1EB4A /* App Update Tool */,
			);
		};
/* End PBXProject section */

/* Begin PBXResourcesBuildPhase section */
		7D887A001BECE94D00B1EB4A /* Resources */ = {
			isa = PBXResourcesBuildPhase;
			buildActionMask = 2147483647;
			files = (
				7D4AF29D1D8B0D9000CB93C4 /* softwareUpdate-256.png in Resources */,
				7D887A0E1BECE94D00B1EB4A /* Assets.xcassets in Resources */,
				7D887A111BECE94D00B1EB4A /* MainMenu.xib in Resources */,
			);
			runOnlyForDeploymentPostprocessing = 0;
		};
/* End PBXResourcesBuildPhase section */

/* Begin PBXSourcesBuildPhase section */
		7D8879FE1BECE94D00B1EB4A /* Sources */ = {
			isa = PBXSourcesBuildPhase;
			buildActionMask = 2147483647;
			files = (
				7D887A0C1BECE94D00B1EB4A /* AppDelegate.applescript in Sources */,
				7D887A0A1BECE94D00B1EB4A /* main.m in Sources */,
			);
			runOnlyForDeploymentPostprocessing = 0;
		};
/* End PBXSourcesBuildPhase section */

/* Begin PBXVariantGroup section */
		7D887A0F1BECE94D00B1EB4A /* MainMenu.xib */ = {
			isa = PBXVariantGroup;
			children = (
				7D887A101BECE94D00B1EB4A /* Base */,
			);
			name = MainMenu.xib;
			sourceTree = "<group>";
		};
/* End PBXVariantGroup section */

/* Begin XCBuildConfiguration section */
		7D887A131BECE94E00B1EB4A /* Debug */ = {
			isa = XCBuildConfiguration;
			buildSettings = {
				ALWAYS_SEARCH_USER_PATHS = NO;
				CLANG_CXX_LANGUAGE_STANDARD = "gnu++0x";
				CLANG_CXX_LIBRARY = "libc++";
				CLANG_ENABLE_MODULES = YES;
				CLANG_ENABLE_OBJC_ARC = YES;
				CLANG_WARN_BOOL_CONVERSION = YES;
				CLANG_WARN_CONSTANT_CONVERSION = YES;
				CLANG_WARN_DIRECT_OBJC_ISA_USAGE = YES_ERROR;
				CLANG_WARN_EMPTY_BODY = YES;
				CLANG_WARN_ENUM_CONVERSION = YES;
				CLANG_WARN_INFINITE_RECURSION = YES;
				CLANG_WARN_INT_CONVERSION = YES;
				CLANG_WARN_OBJC_ROOT_CLASS = YES_ERROR;
				CLANG_WARN_SUSPICIOUS_MOVE = YES;
				CLANG_WARN_UNREACHABLE_CODE = YES;
				CLANG_WARN__DUPLICATE_METHOD_MATCH = YES;
				CODE_SIGN_IDENTITY = "-";
				COPY_PHASE_STRIP = NO;
				DEBUG_INFORMATION_FORMAT = dwarf;
				ENABLE_STRICT_OBJC_MSGSEND = YES;
				ENABLE_TESTABILITY = YES;
				GCC_C_LANGUAGE_STANDARD = gnu99;
				GCC_DYNAMIC_NO_PIC = NO;
				GCC_NO_COMMON_BLOCKS = YES;
				GCC_OPTIMIZATION_LEVEL = 0;
				GCC_PREPROCESSOR_DEFINITIONS = (
					"DEBUG=1",
					"$(inherited)",
				);
				GCC_WARN_64_TO_32_BIT_CONVERSION = YES;
				GCC_WARN_ABOUT_RETURN_TYPE = YES_ERROR;
				GCC_WARN_UNDECLARED_SELECTOR = YES;
				GCC_WARN_UNINITIALIZED_AUTOS = YES_AGGRESSIVE;
				GCC_WARN_UNUSED_FUNCTION = YES;
				GCC_WARN_UNUSED_VARIABLE = YES;
				MACOSX_DEPLOYMENT_TARGET = 10.10;
				MTL_ENABLE_DEBUG_INFO = YES;
				ONLY_ACTIVE_ARCH = YES;
				SDKROOT = macosx;
			};
			name = Debug;
		};
		7D887A141BECE94E00B1EB4A /* Release */ = {
			isa = XCBuildConfiguration;
			buildSettings = {
				ALWAYS_SEARCH_USER_PATHS = NO;
				CLANG_CXX_LANGUAGE_STANDARD = "gnu++0x";
				CLANG_CXX_LIBRARY = "libc++";
				CLANG_ENABLE_MODULES = YES;
				CLANG_ENABLE_OBJC_ARC = YES;
				CLANG_WARN_BOOL_CONVERSION = YES;
				CLANG_WARN_CONSTANT_CONVERSION = YES;
				CLANG_WARN_DIRECT_OBJC_ISA_USAGE = YES_ERROR;
				CLANG_WARN_EMPTY_BODY = YES;
				CLANG_WARN_ENUM_CONVERSION = YES;
				CLANG_WARN_INFINITE_RECURSION = YES;
				CLANG_WARN_INT_CONVERSION = YES;
				CLANG_WARN_OBJC_ROOT_CLASS = YES_ERROR;
				CLANG_WARN_SUSPICIOUS_MOVE = YES;
				CLANG_WARN_UNREACHABLE_CODE = YES;
				CLANG_WARN__DUPLICATE_METHOD_MATCH = YES;
				CODE_SIGN_IDENTITY = "-";
				COPY_PHASE_STRIP = NO;
				DEBUG_INFORMATION_FORMAT = "dwarf-with-dsym";
				ENABLE_NS_ASSERTIONS = NO;
				ENABLE_STRICT_OBJC_MSGSEND = YES;
				GCC_C_LANGUAGE_STANDARD = gnu99;
				GCC_NO_COMMON_BLOCKS = YES;
				GCC_WARN_64_TO_32_BIT_CONVERSION = YES;
				GCC_WARN_ABOUT_RETURN_TYPE = YES_ERROR;
				GCC_WARN_UNDECLARED_SELECTOR = YES;
				GCC_WARN_UNINITIALIZED_AUTOS = YES_AGGRESSIVE;
				GCC_WARN_UNUSED_FUNCTION = YES;
				GCC_WARN_UNUSED_VARIABLE = YES;
				MACOSX_DEPLOYMENT_TARGET = 10.10;
				MTL_ENABLE_DEBUG_INFO = NO;
				SDKROOT = macosx;
			};
			name = Release;
		};
		7D887A161BECE94E00B1EB4A /* Debug */ = {
			isa = XCBuildConfiguration;
			buildSettings = {
				ASSETCATALOG_COMPILER_APPICON_NAME = AppIcon;
				CODE_SIGN_IDENTITY = "";
				"CODE_SIGN_IDENTITY[sdk=macosx*]" = "";
				COMBINE_HIDPI_IMAGES = YES;
				DEVELOPMENT_TEAM = "";
				INFOPLIST_FILE = "LL App Update Tool/Info.plist";
				LD_RUNPATH_SEARCH_PATHS = "$(inherited) @executable_path/../Frameworks";
				MACOSX_DEPLOYMENT_TARGET = 10.9;
				PRODUCT_BUNDLE_IDENTIFIER = "edu.mit.App-Update-Tool";
				PRODUCT_NAME = "$(TARGET_NAME)";
				PROVISIONING_PROFILE = "";
			};
			name = Debug;
		};
		7D887A171BECE94E00B1EB4A /* Release */ = {
			isa = XCBuildConfiguration;
			buildSettings = {
				ASSETCATALOG_COMPILER_APPICON_NAME = AppIcon;
				CODE_SIGN_IDENTITY = "";
				"CODE_SIGN_IDENTITY[sdk=macosx*]" = "";
				COMBINE_HIDPI_IMAGES = YES;
				DEVELOPMENT_TEAM = "";
				INFOPLIST_FILE = "LL App Update Tool/Info.plist";
				LD_RUNPATH_SEARCH_PATHS = "$(inherited) @executable_path/../Frameworks";
				MACOSX_DEPLOYMENT_TARGET = 10.9;
				PRODUCT_BUNDLE_IDENTIFIER = "edu.mit.App-Update-Tool";
				PRODUCT_NAME = "$(TARGET_NAME)";
				PROVISIONING_PROFILE = "";
			};
			name = Release;
		};
/* End XCBuildConfiguration section */

/* Begin XCConfigurationList section */
		7D8879FD1BECE94D00B1EB4A /* Build configuration list for PBXProject "App Update Tool" */ = {
			isa = XCConfigurationList;
			buildConfigurations = (
				7D887A131BECE94E00B1EB4A /* Debug */,
				7D887A141BECE94E00B1EB4A /* Release */,
			);
			defaultConfigurationIsVisible = 0;
			defaultConfigurationName = Release;
		};
		7D887A151BECE94E00B1EB4A /* Build configuration list for PBXNativeTarget "App Update Tool" */ = {
			isa = XCConfigurationList;
			buildConfigurations = (
				7D887A161BECE94E00B1EB4A /* Debug */,
				7D887A171BECE94E00B1EB4A /* Release */,
			);
			defaultConfigurationIsVisible = 0;
			defaultConfigurationName = Release;
		};
/* End XCConfigurationList section */
	};
	rootObject = 7D8879FA1BECE94D00B1EB4A /* Project object */;
}
